{
  "https://cdn.esm.sh/v57/@types/ramda@0.27.47/index.d.ts": "ad0128d8c8f721ce18f5e8ba8c019e2916af98db9ad8c999d6ee02a44c31bab5",
  "https://cdn.esm.sh/v57/@types/ramda@0.27.47/tools.d.ts": "9755e04f5281782c3bdd5db586c0070b98048e1caaa44f7e99eee8bf0cec0f6f",
  "https://cdn.esm.sh/v57/ramda@0.27.1/deno/ramda.js": "ba0ce79d7bfc89a86eab7c885f0cd00413ed838fbfbb577b10909476cf1707fe",
  "https://cdn.esm.sh/v57/ts-toolbelt@6.15.5/out/index.d.ts": "9df147746b0cbd11d022b564e6fdd43ac79b643dc579d2123317ee01cc4f0d70",
  "https://deno.land/std@0.106.0/_util/assert.ts": "2f868145a042a11d5ad0a3c748dcf580add8a0dbc0e876eaa0026303a5488f58",
  "https://deno.land/std@0.106.0/_util/os.ts": "dfb186cc4e968c770ab6cc3288bd65f4871be03b93beecae57d657232ecffcac",
  "https://deno.land/std@0.106.0/fs/_util.ts": "f2ce811350236ea8c28450ed822a5f42a0892316515b1cd61321dec13569c56b",
  "https://deno.land/std@0.106.0/fs/ensure_dir.ts": "b7c103dc41a3d1dbbb522bf183c519c37065fdc234831a4a0f7d671b1ed5fea7",
  "https://deno.land/std@0.106.0/fs/expand_glob.ts": "73e7b13f01097b04ed782b3d63863379b718417417758ba622e282b1e5300b91",
  "https://deno.land/std@0.106.0/fs/walk.ts": "b91c655c60d048035f9cae0e6177991ab3245e786e3ab7d20a5b60012edf2126",
  "https://deno.land/std@0.106.0/path/_constants.ts": "1247fee4a79b70c89f23499691ef169b41b6ccf01887a0abd131009c5581b853",
  "https://deno.land/std@0.106.0/path/_interface.ts": "1fa73b02aaa24867e481a48492b44f2598cd9dfa513c7b34001437007d3642e4",
  "https://deno.land/std@0.106.0/path/_util.ts": "2e06a3b9e79beaf62687196bd4b60a4c391d862cfa007a20fc3a39f778ba073b",
  "https://deno.land/std@0.106.0/path/common.ts": "eaf03d08b569e8a87e674e4e265e099f237472b6fd135b3cbeae5827035ea14a",
  "https://deno.land/std@0.106.0/path/glob.ts": "3b84af55c53febacf6afe214c095624b22a56b6f57d7312157479cc783a0de65",
  "https://deno.land/std@0.106.0/path/mod.ts": "4465dc494f271b02569edbb4a18d727063b5dbd6ed84283ff906260970a15d12",
  "https://deno.land/std@0.106.0/path/posix.ts": "b81974c768d298f8dcd2c720229639b3803ca4a241fa9a355c762fa2bc5ef0c1",
  "https://deno.land/std@0.106.0/path/separator.ts": "8fdcf289b1b76fd726a508f57d3370ca029ae6976fcde5044007f062e643ff1c",
  "https://deno.land/std@0.106.0/path/win32.ts": "f4a3d4a3f2c9fe894da046d5eac48b5e789a0ebec5152b2c0985efe96a9f7ae1",
  "https://deno.land/x/case@v2.1.0/camelCase.ts": "0808961e69e1883c6e94faf85e333196a464ceba46ddc76984d7b8ce9e26a43a",
  "https://deno.land/x/case@v2.1.0/lowerCase.ts": "86d5533f9587ed60003181591e40e648838c23f371edfa79d00288153d113b16",
  "https://deno.land/x/case@v2.1.0/normalCase.ts": "6a8b924da9ab0790d99233ae54bfcfc996d229cb91b2533639fe20972cc33dac",
  "https://deno.land/x/case@v2.1.0/types.ts": "8e2bd6edaa27c0d1972c0d5b76698564740f37b4d3787d58d1fb5f48de611e61",
  "https://deno.land/x/case@v2.1.0/upperCase.ts": "e6a1a3dea30e17013aa212ec237b35e2dd5c5c0b1501778c07db66ff0bbe4372",
  "https://deno.land/x/case@v2.1.0/vendor/camelCaseRegexp.ts": "7d9ff02aad4ab6429eeab7c7353f7bcdd6cc5909a8bd3dda97918c8bbb7621ae",
  "https://deno.land/x/case@v2.1.0/vendor/camelCaseUpperRegexp.ts": "292de54a698370f90adcdf95727993d09888b7f33d17f72f8e54ba75f7791787",
  "https://deno.land/x/case@v2.1.0/vendor/nonWordRegexp.ts": "c1a052629a694144b48c66b0175a22a83f4d61cb40f4e45293fc5d6b123f927e",
  "https://deno.land/x/code_block_writer@10.1.1/comment_char.ts": "87dd5858a04d3b017b19634e68f36bb7cd4157a044575a76b79c69ee9bd1cd75",
  "https://deno.land/x/code_block_writer@10.1.1/mod.ts": "f43cf7cfc13bf502606ea5a5ebfb9eab0503958a4deb7d45ff1160500e94ad76",
  "https://deno.land/x/code_block_writer@10.1.1/utils/string_utils.ts": "0f13ba52ed417ddbb90915f90b4ca9cef2242b7010cddca17f2e0c7c447dce61",
  "https://deno.land/x/ts_morph@12.2.0/common/DenoRuntime.ts": "e3fa796be7de190f24f91ee6e04e9c78dff1952455b00fb1ff328a42faffc834",
  "https://deno.land/x/ts_morph@12.2.0/common/data/libFiles.js": "d64cb559483d01728cb1c51e8768d4f53d4c5bda9dc5c8becaace2878a3d01a9",
  "https://deno.land/x/ts_morph@12.2.0/common/mod.ts": "01985d2ee7da8d1caee318a9d07664774fbee4e31602bc2bb6bb62c3489555ed",
  "https://deno.land/x/ts_morph@12.2.0/common/ts_morph_common.d.ts": "0b9286871b6216853e75fa7ea196a49abdb933c600c36a63aa868845bbd50b8f",
  "https://deno.land/x/ts_morph@12.2.0/common/ts_morph_common.js": "0bbde4726e6110c4fa7e54121362cc5d9f27371ae2bdc59d10f9b71fbb8a56ef",
  "https://deno.land/x/ts_morph@12.2.0/common/typescript.d.ts": "693bfecb024a122139eccd43e82633076d9bd7ee453600eb273fb521fe842d96",
  "https://deno.land/x/ts_morph@12.2.0/common/typescript.js": "d33cf14ed82e7c3752db397ba302ba153d73a839be86619b3f799bc6020266bd",
  "https://deno.land/x/ts_morph@12.2.0/mod.ts": "adba9b82f24865d15d2c78ef6074b9a7457011719056c9928c800f130a617c93",
  "https://deno.land/x/ts_morph@12.2.0/ts_morph.d.ts": "655465b30fea8d5d20a31ba8f3de167e72f15ae1a8a6c6e4c7ab2761f4479478",
  "https://deno.land/x/ts_morph@12.2.0/ts_morph.js": "ac01fbd56639d3b5ab561456ca8fb176fe238034a1bca8c88d103c829572a69b",
  "https://esm.sh/ramda": "6bd4162cafeffc34bf5df57eaa2ba8ab594e2a0608f24480a8529de29776f3f1"
}